
Microsoft Visual Studio Solution File, Format Version 12.00
# Visual Studio Version 17
VisualStudioVersion = 17.10.35122.118
MinimumVisualStudioVersion = 10.0.40219.1
Project("{FAE04EC0-301F-11D3-BF4B-00C04F79EFBC}") = "CarService", "CarService.csproj", "{AAF99AC8-E94D-4665-96E5-31BF28729139}"
EndProject
Global
	GlobalSection(SolutionConfigurationPlatforms) = preSolution
		Debug|Any CPU = Debug|Any CPU
		Release|Any CPU = Release|Any CPU
	EndGlobalSection
	GlobalSection(ProjectConfigurationPlatforms) = postSolution
		{AAF99AC8-E94D-4665-96E5-31BF28729139}.Debug|Any CPU.ActiveCfg = Debug|Any CPU
		{AAF99AC8-E94D-4665-96E5-31BF28729139}.Debug|Any CPU.Build.0 = Debug|Any CPU
		{AAF99AC8-E94D-4665-96E5-31BF28729139}.Release|Any CPU.ActiveCfg = Release|Any CPU
		{AAF99AC8-E94D-4665-96E5-31BF28729139}.Release|Any CPU.Build.0 = Release|Any CPU
	EndGlobalSection
	GlobalSection(SolutionProperties) = preSolution
		HideSolutionNode = FALSE
	EndGlobalSection
	GlobalSection(ExtensibilityGlobals) = postSolution
		SolutionGuid = {99EFE1E5-FADE-410D-8682-582A19AAB355}
	EndGlobalSection
EndGlobal
